
Microsoft Visual Studio Solution File, Format Version 12.00
# Visual Studio Version 17
VisualStudioVersion = 17.4.33103.184
MinimumVisualStudioVersion = 10.0.40219.1
Project("{FAE04EC0-301F-11D3-BF4B-00C04F79EFBC}") = "hash_codes", "hash_codes\hash_codes.csproj", "{681F1EA7-1DB7-49B6-88EB-32EEA2EF58B6}"
EndProject
Global
	GlobalSection(SolutionConfigurationPlatforms) = preSolution
		Debug|Any CPU = Debug|Any CPU
		Release|Any CPU = Release|Any CPU
	EndGlobalSection
	GlobalSection(ProjectConfigurationPlatforms) = postSolution
		{681F1EA7-1DB7-49B6-88EB-32EEA2EF58B6}.Debug|Any CPU.ActiveCfg = Debug|Any CPU
		{681F1EA7-1DB7-49B6-88EB-32EEA2EF58B6}.Debug|Any CPU.Build.0 = Debug|Any CPU
		{681F1EA7-1DB7-49B6-88EB-32EEA2EF58B6}.Release|Any CPU.ActiveCfg = Release|Any CPU
		{681F1EA7-1DB7-49B6-88EB-32EEA2EF58B6}.Release|Any CPU.Build.0 = Release|Any CPU
	EndGlobalSection
	GlobalSection(SolutionProperties) = preSolution
		HideSolutionNode = FALSE
	EndGlobalSection
	GlobalSection(ExtensibilityGlobals) = postSolution
		SolutionGuid = {D6C9E397-2E33-4038-9169-DF628C239292}
	EndGlobalSection
EndGlobal
